{
  "name": "chip8",
  "version": "0.1.0",
  "lockfileVersion": 1,
  "requires": true,
  "dependencies": {
    "three-fps-counter": {
      "version": "0.2.0",
      "resolved": "https://registry.npmjs.org/three-fps-counter/-/three-fps-counter-0.2.0.tgz",
      "integrity": "sha1-jhStJkJl8GQCmP3CQE0KLeG83rE=",
      "requires": {
        "three-screen-quad": ">=0.1.0"
      }
    },
    "three-screen-quad": {
      "version": "0.2.1",
      "resolved": "https://registry.npmjs.org/three-screen-quad/-/three-screen-quad-0.2.1.tgz",
      "integrity": "sha1-bJXNb/0Ue85zpIdjGoG3RsTS+qk="
    }
  }
}
